
Microsoft Visual Studio Solution File, Format Version 12.00
# Visual Studio 14
VisualStudioVersion = 14.0.25420.1
MinimumVisualStudioVersion = 10.0.40219.1
Project("{FAE04EC0-301F-11D3-BF4B-00C04F79EFBC}") = "SpecFlowPractice", "SpecFlowPractice\SpecFlowPractice.csproj", "{03701C7B-4FFA-45A9-A1FA-E0784DD9C288}"
EndProject
Project("{2150E333-8FDC-42A3-9474-1A3956D46DE8}") = "Solution Items", "Solution Items", "{7333F833-117C-43C3-9BA4-3F0CB6F0BF98}"
	ProjectSection(SolutionItems) = preProject
		TestSettings1.testsettings = TestSettings1.testsettings
	EndProjectSection
EndProject
Global
	GlobalSection(SolutionConfigurationPlatforms) = preSolution
		Debug|Any CPU = Debug|Any CPU
		Release|Any CPU = Release|Any CPU
	EndGlobalSection
	GlobalSection(ProjectConfigurationPlatforms) = postSolution
		{03701C7B-4FFA-45A9-A1FA-E0784DD9C288}.Debug|Any CPU.ActiveCfg = Debug|Any CPU
		{03701C7B-4FFA-45A9-A1FA-E0784DD9C288}.Debug|Any CPU.Build.0 = Debug|Any CPU
		{03701C7B-4FFA-45A9-A1FA-E0784DD9C288}.Release|Any CPU.ActiveCfg = Release|Any CPU
		{03701C7B-4FFA-45A9-A1FA-E0784DD9C288}.Release|Any CPU.Build.0 = Release|Any CPU
	EndGlobalSection
	GlobalSection(SolutionProperties) = preSolution
		HideSolutionNode = FALSE
	EndGlobalSection
EndGlobal
